
Microsoft Visual Studio Solution File, Format Version 12.00
# Visual Studio 14
VisualStudioVersion = 14.0.25420.1
MinimumVisualStudioVersion = 10.0.40219.1
Project("{FAE04EC0-301F-11D3-BF4B-00C04F79EFBC}") = "Computergrafik", "Computergrafik\Computergrafik.csproj", "{9E11955A-2EB4-472C-9D09-2F4A6E50E96A}"
EndProject
Project("{FAE04EC0-301F-11D3-BF4B-00C04F79EFBC}") = "DMS.Geometry", "..\..\..\Computergrafik\Framework-master\Framework-master\_Common\DMS.Geometry\DMS.Geometry.csproj", "{B37B7DDE-435B-4F27-9A9B-9B6DF8744EBE}"
EndProject
Project("{FAE04EC0-301F-11D3-BF4B-00C04F79EFBC}") = "DMS.Geometry.Tests", "..\..\..\Computergrafik\Framework-master\Framework-master\_Common\DMS.Geometry.Tests\DMS.Geometry.Tests.csproj", "{DF096E15-AA81-4FFD-B360-2B12E812BF26}"
EndProject
Project("{FAE04EC0-301F-11D3-BF4B-00C04F79EFBC}") = "DMS.OpenGL", "..\..\..\Computergrafik\Framework-master\Framework-master\_Common\DMS.OpenGL\DMS.OpenGL.csproj", "{C660F6AF-C100-4169-A9FB-61E1EBE87F34}"
EndProject
Project("{FAE04EC0-301F-11D3-BF4B-00C04F79EFBC}") = "DMS.OpenGL.Tests", "..\..\..\Computergrafik\Framework-master\Framework-master\_Common\DMS.OpenGL.Tests\DMS.OpenGL.Tests.csproj", "{87F3A725-6AF4-41F7-AA58-CACD9E23D6D9}"
EndProject
Project("{FAE04EC0-301F-11D3-BF4B-00C04F79EFBC}") = "DMS.ShaderDebugging", "..\..\..\Computergrafik\Framework-master\Framework-master\_Common\DMS.ShaderDebugging\DMS.ShaderDebugging.csproj", "{3C8BCF2C-1019-4A8D-B986-AFD6BB80E917}"
EndProject
Project("{FAE04EC0-301F-11D3-BF4B-00C04F79EFBC}") = "DMS.Sound", "..\..\..\Computergrafik\Framework-master\Framework-master\_Common\DMS.Sound\DMS.Sound.csproj", "{78A88806-AD96-4821-B9AD-8FC060F6FEB6}"
EndProject
Project("{FAE04EC0-301F-11D3-BF4B-00C04F79EFBC}") = "DMS.System", "..\..\..\Computergrafik\Framework-master\Framework-master\_Common\DMS.System\DMS.System.csproj", "{E5FF60A4-46FB-42D2-9430-BC523315C2E0}"
EndProject
Project("{FAE04EC0-301F-11D3-BF4B-00C04F79EFBC}") = "DMS.TimeTools", "..\..\..\Computergrafik\Framework-master\Framework-master\_Common\DMS.TimeTools\DMS.TimeTools.csproj", "{54156018-0F41-4EEF-AEB4-F1C99CF7A2AB}"
EndProject
Global
	GlobalSection(SolutionConfigurationPlatforms) = preSolution
		Debug|Any CPU = Debug|Any CPU
		Release|Any CPU = Release|Any CPU
	EndGlobalSection
	GlobalSection(ProjectConfigurationPlatforms) = postSolution
		{9E11955A-2EB4-472C-9D09-2F4A6E50E96A}.Debug|Any CPU.ActiveCfg = Debug|Any CPU
		{9E11955A-2EB4-472C-9D09-2F4A6E50E96A}.Debug|Any CPU.Build.0 = Debug|Any CPU
		{9E11955A-2EB4-472C-9D09-2F4A6E50E96A}.Release|Any CPU.ActiveCfg = Release|Any CPU
		{9E11955A-2EB4-472C-9D09-2F4A6E50E96A}.Release|Any CPU.Build.0 = Release|Any CPU
		{B37B7DDE-435B-4F27-9A9B-9B6DF8744EBE}.Debug|Any CPU.ActiveCfg = Debug|Any CPU
		{B37B7DDE-435B-4F27-9A9B-9B6DF8744EBE}.Debug|Any CPU.Build.0 = Debug|Any CPU
		{B37B7DDE-435B-4F27-9A9B-9B6DF8744EBE}.Release|Any CPU.ActiveCfg = Release|Any CPU
		{B37B7DDE-435B-4F27-9A9B-9B6DF8744EBE}.Release|Any CPU.Build.0 = Release|Any CPU
		{DF096E15-AA81-4FFD-B360-2B12E812BF26}.Debug|Any CPU.ActiveCfg = Debug|Any CPU
		{DF096E15-AA81-4FFD-B360-2B12E812BF26}.Debug|Any CPU.Build.0 = Debug|Any CPU
		{DF096E15-AA81-4FFD-B360-2B12E812BF26}.Release|Any CPU.ActiveCfg = Release|Any CPU
		{DF096E15-AA81-4FFD-B360-2B12E812BF26}.Release|Any CPU.Build.0 = Release|Any CPU
		{C660F6AF-C100-4169-A9FB-61E1EBE87F34}.Debug|Any CPU.ActiveCfg = Debug|Any CPU
		{C660F6AF-C100-4169-A9FB-61E1EBE87F34}.Debug|Any CPU.Build.0 = Debug|Any CPU
		{C660F6AF-C100-4169-A9FB-61E1EBE87F34}.Release|Any CPU.ActiveCfg = Release|Any CPU
		{C660F6AF-C100-4169-A9FB-61E1EBE87F34}.Release|Any CPU.Build.0 = Release|Any CPU
		{87F3A725-6AF4-41F7-AA58-CACD9E23D6D9}.Debug|Any CPU.ActiveCfg = Debug|Any CPU
		{87F3A725-6AF4-41F7-AA58-CACD9E23D6D9}.Debug|Any CPU.Build.0 = Debug|Any CPU
		{87F3A725-6AF4-41F7-AA58-CACD9E23D6D9}.Release|Any CPU.ActiveCfg = Release|Any CPU
		{87F3A725-6AF4-41F7-AA58-CACD9E23D6D9}.Release|Any CPU.Build.0 = Release|Any CPU
		{3C8BCF2C-1019-4A8D-B986-AFD6BB80E917}.Debug|Any CPU.ActiveCfg = Debug|Any CPU
		{3C8BCF2C-1019-4A8D-B986-AFD6BB80E917}.Debug|Any CPU.Build.0 = Debug|Any CPU
		{3C8BCF2C-1019-4A8D-B986-AFD6BB80E917}.Release|Any CPU.ActiveCfg = Release|Any CPU
		{3C8BCF2C-1019-4A8D-B986-AFD6BB80E917}.Release|Any CPU.Build.0 = Release|Any CPU
		{78A88806-AD96-4821-B9AD-8FC060F6FEB6}.Debug|Any CPU.ActiveCfg = Debug|Any CPU
		{78A88806-AD96-4821-B9AD-8FC060F6FEB6}.Debug|Any CPU.Build.0 = Debug|Any CPU
		{78A88806-AD96-4821-B9AD-8FC060F6FEB6}.Release|Any CPU.ActiveCfg = Release|Any CPU
		{78A88806-AD96-4821-B9AD-8FC060F6FEB6}.Release|Any CPU.Build.0 = Release|Any CPU
		{E5FF60A4-46FB-42D2-9430-BC523315C2E0}.Debug|Any CPU.ActiveCfg = Debug|Any CPU
		{E5FF60A4-46FB-42D2-9430-BC523315C2E0}.Debug|Any CPU.Build.0 = Debug|Any CPU
		{E5FF60A4-46FB-42D2-9430-BC523315C2E0}.Release|Any CPU.ActiveCfg = Release|Any CPU
		{E5FF60A4-46FB-42D2-9430-BC523315C2E0}.Release|Any CPU.Build.0 = Release|Any CPU
		{54156018-0F41-4EEF-AEB4-F1C99CF7A2AB}.Debug|Any CPU.ActiveCfg = Debug|Any CPU
		{54156018-0F41-4EEF-AEB4-F1C99CF7A2AB}.Debug|Any CPU.Build.0 = Debug|Any CPU
		{54156018-0F41-4EEF-AEB4-F1C99CF7A2AB}.Release|Any CPU.ActiveCfg = Release|Any CPU
		{54156018-0F41-4EEF-AEB4-F1C99CF7A2AB}.Release|Any CPU.Build.0 = Release|Any CPU
	EndGlobalSection
	GlobalSection(SolutionProperties) = preSolution
		HideSolutionNode = FALSE
	EndGlobalSection
EndGlobal
